<?xml version="1.0" encoding="utf-8"?>
<Project ToolsVersion="4.0" xmlns="http://schemas.microsoft.com/developer/msbuild/2003">
  <ItemGroup>
    <Filter Include="ソース ファイル">
      <UniqueIdentifier>{4FC737F1-C7A5-4376-A066-2A32D752A2FF}</UniqueIdentifier>
      <Extensions>cpp;c;cc;cxx;def;odl;idl;hpj;bat;asm;asmx</Extensions>
    </Filter>
    <Filter Include="ヘッダー ファイル">
      <UniqueIdentifier>{93995380-89BD-4b04-88EB-625FBE52EBFB}</UniqueIdentifier>
      <Extensions>h;hh;hpp;hxx;hm;inl;inc;ipp;xsd</Extensions>
    </Filter>
    <Filter Include="リソース ファイル">
      <UniqueIdentifier>{67DA6AB6-F800-4c08-8B7A-83BB121AAD01}</UniqueIdentifier>
      <Extensions>rc;ico;cur;bmp;dlg;rc2;rct;bin;rgs;gif;jpg;jpeg;jpe;resx;tiff;tif;png;wav;mfcribbon-ms</Extensions>
    </Filter>
    <Filter Include="ソース ファイル\幾何">
      <UniqueIdentifier>{0075f06c-71f1-4507-b6fe-6a15357d53a3}</UniqueIdentifier>
    </Filter>
    <Filter Include="ソース ファイル\幾何\交差判定">
      <UniqueIdentifier>{e20f9992-22ae-4cba-a1aa-e7050ed2747d}</UniqueIdentifier>
    </Filter>
    <Filter Include="ソース ファイル\構造体">
      <UniqueIdentifier>{62b8fd75-5d93-4200-a8f9-8690e285fa05}</UniqueIdentifier>
    </Filter>
    <Filter Include="ソース ファイル\最短経路">
      <UniqueIdentifier>{a4512210-0353-4825-ad28-026f6d746c1e}</UniqueIdentifier>
    </Filter>
    <Filter Include="ソース ファイル\使わないもの、考察系">
      <UniqueIdentifier>{4d0b1452-e1ec-4eb4-b74f-cbbfef0f248e}</UniqueIdentifier>
    </Filter>
    <Filter Include="ソース ファイル\探索">
      <UniqueIdentifier>{580f4841-fb9c-44d5-bf0a-e8e83a57b8fb}</UniqueIdentifier>
    </Filter>
    <Filter Include="ソース ファイル\テクニック系">
      <UniqueIdentifier>{fa83996b-8f9f-4697-9885-8bac0a253ce6}</UniqueIdentifier>
    </Filter>
    <Filter Include="ソース ファイル\幾何\面積">
      <UniqueIdentifier>{855d12e7-faed-48be-87fd-3c2a269292c7}</UniqueIdentifier>
    </Filter>
    <Filter Include="ソース ファイル\数学">
      <UniqueIdentifier>{be11442d-ae3f-4f83-86fe-687c0a8f968a}</UniqueIdentifier>
    </Filter>
    <Filter Include="ソース ファイル\数学\素数系">
      <UniqueIdentifier>{d1e4ecf7-9366-4eaf-83e1-f068c3c7891a}</UniqueIdentifier>
    </Filter>
    <Filter Include="ソース ファイル\フロー">
      <UniqueIdentifier>{8d2271cf-739b-4e91-9cf6-41ee3ca967ef}</UniqueIdentifier>
    </Filter>
    <Filter Include="ソース ファイル\文字列">
      <UniqueIdentifier>{c92889a1-b2ac-4520-8d18-7c10594da68f}</UniqueIdentifier>
    </Filter>
    <Filter Include="ソース ファイル\数学\数え上げ定理">
      <UniqueIdentifier>{c7901ae4-dd16-40c3-b0fd-1fd240a726ad}</UniqueIdentifier>
    </Filter>
    <Filter Include="ソース ファイル\グラフ">
      <UniqueIdentifier>{c53568b6-697f-4c71-806d-94fdfb960ee2}</UniqueIdentifier>
    </Filter>
    <Filter Include="ソース ファイル\使わないもの、考察系\木">
      <UniqueIdentifier>{66ae5470-faa8-4dc5-bbe0-c0abab76a582}</UniqueIdentifier>
    </Filter>
  </ItemGroup>
  <ItemGroup>
    <ClCompile Include="Source.cpp">
      <Filter>ソース ファイル</Filter>
    </ClCompile>
    <ClCompile Include="桁和,gcd等.cpp">
      <Filter>ソース ファイル</Filter>
    </ClCompile>
    <ClCompile Include="ライブラリ.cpp">
      <Filter>ソース ファイル</Filter>
    </ClCompile>
    <ClCompile Include="累乗、逆元.cpp">
      <Filter>ソース ファイル</Filter>
    </ClCompile>
    <ClCompile Include="行列累乗.cpp">
      <Filter>ソース ファイル</Filter>
    </ClCompile>
    <ClCompile Include="二次元累積和.cpp">
      <Filter>ソース ファイル</Filter>
    </ClCompile>
    <ClCompile Include="時計半時計.cpp">
      <Filter>ソース ファイル\幾何</Filter>
    </ClCompile>
    <ClCompile Include="円と線分の交差判定.cpp">
      <Filter>ソース ファイル\幾何\交差判定</Filter>
    </ClCompile>
    <ClCompile Include="円同士の交差判定.cpp">
      <Filter>ソース ファイル\幾何\交差判定</Filter>
    </ClCompile>
    <ClCompile Include="直線同士の交差判定.cpp">
      <Filter>ソース ファイル\幾何\交差判定</Filter>
    </ClCompile>
    <ClCompile Include="最小包括円.cpp">
      <Filter>ソース ファイル\幾何</Filter>
    </ClCompile>
    <ClCompile Include="セグメント木.cpp">
      <Filter>ソース ファイル\構造体</Filter>
    </ClCompile>
    <ClCompile Include="UnionFInd.cpp">
      <Filter>ソース ファイル\構造体</Filter>
    </ClCompile>
    <ClCompile Include="フェネック木.cpp">
      <Filter>ソース ファイル\構造体</Filter>
    </ClCompile>
    <ClCompile Include="強連結成分分解.cpp">
      <Filter>ソース ファイル\構造体</Filter>
    </ClCompile>
    <ClCompile Include="約数全列挙.cpp">
      <Filter>ソース ファイル\数学\素数系</Filter>
    </ClCompile>
    <ClCompile Include="ダイクストラ法.cpp">
      <Filter>ソース ファイル\最短経路</Filter>
    </ClCompile>
    <ClCompile Include="最短ハミルトン路.cpp">
      <Filter>ソース ファイル\最短経路</Filter>
    </ClCompile>
    <ClCompile Include="巡回セールスマン.cpp">
      <Filter>ソース ファイル\最短経路</Filter>
    </ClCompile>
    <ClCompile Include="三分探索.cpp">
      <Filter>ソース ファイル\探索</Filter>
    </ClCompile>
    <ClCompile Include="二分探索.cpp">
      <Filter>ソース ファイル\探索</Filter>
    </ClCompile>
    <ClCompile Include="bit全探索.cpp">
      <Filter>ソース ファイル\探索</Filter>
    </ClCompile>
    <ClCompile Include="問題考察.cpp">
      <Filter>ソース ファイル\使わないもの、考察系</Filter>
    </ClCompile>
    <ClCompile Include="デバッグメモ.cpp">
      <Filter>ソース ファイル\使わないもの、考察系</Filter>
    </ClCompile>
    <ClCompile Include="ICPC.cpp">
      <Filter>ソース ファイル\使わないもの、考察系</Filter>
    </ClCompile>
    <ClCompile Include="点、直線、線分の距離.cpp">
      <Filter>ソース ファイル\幾何</Filter>
    </ClCompile>
    <ClCompile Include="円、直線、線分の交点.cpp">
      <Filter>ソース ファイル\幾何</Filter>
    </ClCompile>
    <ClCompile Include="円の接点.cpp">
      <Filter>ソース ファイル\幾何</Filter>
    </ClCompile>
    <ClCompile Include="数え上げメモ.cpp">
      <Filter>ソース ファイル\使わないもの、考察系</Filter>
    </ClCompile>
    <ClCompile Include="単一始点最短経路%28Bellman Ford%29.cpp">
      <Filter>ソース ファイル\最短経路</Filter>
    </ClCompile>
    <ClCompile Include="尺取り法.cpp">
      <Filter>ソース ファイル\テクニック系</Filter>
    </ClCompile>
    <ClCompile Include="部分集合の部分集合.cpp">
      <Filter>ソース ファイル\テクニック系</Filter>
    </ClCompile>
    <ClCompile Include="mosAlgo.cpp">
      <Filter>ソース ファイル\テクニック系</Filter>
    </ClCompile>
    <ClCompile Include="多角形の面積%28整数%29.cpp">
      <Filter>ソース ファイル\幾何\面積</Filter>
    </ClCompile>
    <ClCompile Include="P・C・H・N!.cpp">
      <Filter>ソース ファイル\数学</Filter>
    </ClCompile>
    <ClCompile Include="形式的べき級数(FPS).cpp">
      <Filter>ソース ファイル\テクニック系</Filter>
    </ClCompile>
    <ClCompile Include="永続データ構造（セグtree）.cpp">
      <Filter>ソース ファイル\構造体</Filter>
    </ClCompile>
    <ClCompile Include="拡張ダイクストラ.cpp">
      <Filter>ソース ファイル\最短経路</Filter>
    </ClCompile>
    <ClCompile Include="素因数の個数.cpp">
      <Filter>ソース ファイル\数学\素数系</Filter>
    </ClCompile>
    <ClCompile Include="最大流.cpp">
      <Filter>ソース ファイル\フロー</Filter>
    </ClCompile>
    <ClCompile Include="コンビネーション.cpp">
      <Filter>ソース ファイル\数学</Filter>
    </ClCompile>
    <ClCompile Include="LCA(最小共通祖先).cpp">
      <Filter>ソース ファイル\探索</Filter>
    </ClCompile>
    <ClCompile Include="座標圧縮.cpp">
      <Filter>ソース ファイル\テクニック系</Filter>
    </ClCompile>
    <ClCompile Include="中国剰余定理，他数学.cpp">
      <Filter>ソース ファイル\数学</Filter>
    </ClCompile>
    <ClCompile Include="数学定理.cpp">
      <Filter>ソース ファイル\数学</Filter>
    </ClCompile>
    <ClCompile Include="拡張ユークリッドの互除法.cpp">
      <Filter>ソース ファイル\数学</Filter>
    </ClCompile>
    <ClCompile Include="grundy数.cpp">
      <Filter>ソース ファイル\数学</Filter>
    </ClCompile>
    <ClCompile Include="牛ゲー.cpp">
      <Filter>ソース ファイル\テクニック系</Filter>
    </ClCompile>
    <ClCompile Include="bitsetで圧縮.cpp">
      <Filter>ソース ファイル\テクニック系</Filter>
    </ClCompile>
    <ClCompile Include="Z-algorithm.cpp">
      <Filter>ソース ファイル\文字列</Filter>
    </ClCompile>
    <ClCompile Include="KMP.cpp">
      <Filter>ソース ファイル\文字列</Filter>
    </ClCompile>
    <ClCompile Include="カタラン数.cpp">
      <Filter>ソース ファイル\数学\数え上げ定理</Filter>
    </ClCompile>
    <ClCompile Include="サイクル検出.cpp">
      <Filter>ソース ファイル\グラフ</Filter>
    </ClCompile>
    <ClCompile Include="トポロジカルソート.cpp">
      <Filter>ソース ファイル\探索</Filter>
    </ClCompile>
    <ClCompile Include="考察.cpp">
      <Filter>ソース ファイル\使わないもの、考察系\木</Filter>
    </ClCompile>
    <ClCompile Include="木の直径.cpp">
      <Filter>ソース ファイル\グラフ</Filter>
    </ClCompile>
    <ClCompile Include="偏角を求める.cpp">
      <Filter>ソース ファイル\幾何</Filter>
    </ClCompile>
  </ItemGroup>
</Project>